github.com/dnstapir/tapir v0.0.0-20250114144620-18cc0cdb5c33/go.mod h1:RO6+sbbg0euAnaMm1HTN+aFoyBvXXdxuZPBie5erN24=
github.com/eclipse/paho.golang v0.21.0/go.mod h1:GHF6vy7SvDbDHBguaUpfuBkEB5G6j0zKxMG4gbh6QRQ=
github.com/klauspost/compress v1.17.9/go.mod h1:Di0epgTjJY877eYKx5yC51cX2A2Vl2ibi7bDH9ttBbw=
github.com/lestrrat-go/jwx/v2 v2.1.2/go.mod h1:pO+Gz9whn7MPdbsqSJzG8TlEpMZCwQDXnFJ+zsUVh8Y=
github.com/nats-io/nats.go v1.38.0/go.mod h1:IGUM++TwokGnXPs82/wCuiHS02/aKrdYUQkU8If6yjw=
github.com/nats-io/nkeys v0.4.9/go.mod h1:jcMqs+FLG+W5YO36OX6wFIFcmpdAns+w1Wm6D3I/evE=
github.com/nats-io/nuid v1.0.1/go.mod h1:19wcPz3Ph3q0Jbyiqsd0kePYG7A95tJPxeL+1OSON2c=
golang.org/x/crypto v0.31.0/go.mod h1:kDsLvtWBEx7MV9tJOj9bnXsPbxwJQ6csT/x4KIN4Ssk=
golang.org/x/sys v0.28.0/go.mod h1:/VUhepiaJMQUp4+oa/7Zr1D23ma6VTLIYjOOTFZPUcA=
golang.org/x/text v0.21.0/go.mod h1:4IBbMaMmOPCJ8SecivzSH54+73PCFmPWxNTLm+vZkEQ=
